
Microsoft Visual Studio Solution File, Format Version 12.00
Project("{FAE04EC0-301F-11D3-BF4B-00C04F79EFBC}") = "Formula", "Formula\Formula.csproj", "{B18FC6E7-FE2F-4CB5-835D-81F2FD8DED38}"
EndProject
Project("{FAE04EC0-301F-11D3-BF4B-00C04F79EFBC}") = "FormulaTests", "FormulaTests\FormulaTests.csproj", "{0A2C3073-4861-49BE-9F16-BB4C5DB7030A}"
EndProject
Project("{FAE04EC0-301F-11D3-BF4B-00C04F79EFBC}") = "DependencyGraph", "DependencyGraph\DependencyGraph.csproj", "{79B5C9C4-DD65-4DE0-A83A-200329FBF638}"
EndProject
Global
	GlobalSection(SolutionConfigurationPlatforms) = preSolution
		Debug|Any CPU = Debug|Any CPU
		Release|Any CPU = Release|Any CPU
	EndGlobalSection
	GlobalSection(ProjectConfigurationPlatforms) = postSolution
		{B18FC6E7-FE2F-4CB5-835D-81F2FD8DED38}.Debug|Any CPU.ActiveCfg = Debug|Any CPU
		{B18FC6E7-FE2F-4CB5-835D-81F2FD8DED38}.Debug|Any CPU.Build.0 = Debug|Any CPU
		{B18FC6E7-FE2F-4CB5-835D-81F2FD8DED38}.Release|Any CPU.ActiveCfg = Release|Any CPU
		{B18FC6E7-FE2F-4CB5-835D-81F2FD8DED38}.Release|Any CPU.Build.0 = Release|Any CPU
		{0A2C3073-4861-49BE-9F16-BB4C5DB7030A}.Debug|Any CPU.ActiveCfg = Debug|Any CPU
		{0A2C3073-4861-49BE-9F16-BB4C5DB7030A}.Debug|Any CPU.Build.0 = Debug|Any CPU
		{0A2C3073-4861-49BE-9F16-BB4C5DB7030A}.Release|Any CPU.ActiveCfg = Release|Any CPU
		{0A2C3073-4861-49BE-9F16-BB4C5DB7030A}.Release|Any CPU.Build.0 = Release|Any CPU
		{79B5C9C4-DD65-4DE0-A83A-200329FBF638}.Debug|Any CPU.ActiveCfg = Debug|Any CPU
		{79B5C9C4-DD65-4DE0-A83A-200329FBF638}.Debug|Any CPU.Build.0 = Debug|Any CPU
		{79B5C9C4-DD65-4DE0-A83A-200329FBF638}.Release|Any CPU.ActiveCfg = Release|Any CPU
		{79B5C9C4-DD65-4DE0-A83A-200329FBF638}.Release|Any CPU.Build.0 = Release|Any CPU
	EndGlobalSection
EndGlobal
